
Microsoft Visual Studio Solution File, Format Version 12.00
# Visual Studio Version 16
VisualStudioVersion = 16.0.32228.343
MinimumVisualStudioVersion = 10.0.40219.1
Project("{FAE04EC0-301F-11D3-BF4B-00C04F79EFBC}") = "28mart", "28mart\28mart.csproj", "{91150363-B767-4FF3-909C-452ADC709B06}"
EndProject
Global
	GlobalSection(SolutionConfigurationPlatforms) = preSolution
		Debug|Any CPU = Debug|Any CPU
		Release|Any CPU = Release|Any CPU
	EndGlobalSection
	GlobalSection(ProjectConfigurationPlatforms) = postSolution
		{91150363-B767-4FF3-909C-452ADC709B06}.Debug|Any CPU.ActiveCfg = Debug|Any CPU
		{91150363-B767-4FF3-909C-452ADC709B06}.Debug|Any CPU.Build.0 = Debug|Any CPU
		{91150363-B767-4FF3-909C-452ADC709B06}.Release|Any CPU.ActiveCfg = Release|Any CPU
		{91150363-B767-4FF3-909C-452ADC709B06}.Release|Any CPU.Build.0 = Release|Any CPU
	EndGlobalSection
	GlobalSection(SolutionProperties) = preSolution
		HideSolutionNode = FALSE
	EndGlobalSection
	GlobalSection(ExtensibilityGlobals) = postSolution
		SolutionGuid = {739AF079-EE0D-43A0-9ECB-89DC475CB715}
	EndGlobalSection
EndGlobal
